// !$*UTF8*$!
{
	archiveVersion = 1;
	classes = {
	};
	objectVersion = 50;
	objects = {

/* Begin PBXBuildFile section */
		00DD283EF41C432EAFD903AC /* Pods_ToDo.framework in Frameworks */ = {isa = PBXBuildFile; fileRef = 8E8F9273B1F7702AC6B9D6EE /* Pods_ToDo.framework */; };
		F0056E8222EB96AE00629EB5 /* AppDelegate.swift in Sources */ = {isa = PBXBuildFile; fileRef = F0056E8122EB96AE00629EB5 /* AppDelegate.swift */; };
		F0056E8922EB96B000629EB5 /* Assets.xcassets in Resources */ = {isa = PBXBuildFile; fileRef = F0056E8822EB96B000629EB5 /* Assets.xcassets */; };
		F0056E8C22EB96B000629EB5 /* LaunchScreen.storyboard in Resources */ = {isa = PBXBuildFile; fileRef = F0056E8A22EB96B000629EB5 /* LaunchScreen.storyboard */; };
		F0056E9B22EB999E00629EB5 /* UIView+Layout.swift in Sources */ = {isa = PBXBuildFile; fileRef = F0056E9A22EB999E00629EB5 /* UIView+Layout.swift */; };
		F0056E9D22EB99AA00629EB5 /* UILabel+Init.swift in Sources */ = {isa = PBXBuildFile; fileRef = F0056E9C22EB99AA00629EB5 /* UILabel+Init.swift */; };
		F0056E9F22EB99B500629EB5 /* UIImageView+Init.swift in Sources */ = {isa = PBXBuildFile; fileRef = F0056E9E22EB99B500629EB5 /* UIImageView+Init.swift */; };
		F0056EA122EB99E800629EB5 /* UITableView+Update.swift in Sources */ = {isa = PBXBuildFile; fileRef = F0056EA022EB99E800629EB5 /* UITableView+Update.swift */; };
		F0056EAD22EB9CA800629EB5 /* CategoryController.swift in Sources */ = {isa = PBXBuildFile; fileRef = F0056EAC22EB9CA800629EB5 /* CategoryController.swift */; };
		F0056EAF22EB9CD200629EB5 /* CircularButton.swift in Sources */ = {isa = PBXBuildFile; fileRef = F0056EAE22EB9CD200629EB5 /* CircularButton.swift */; };
		F0056EB122EB9D0F00629EB5 /* CategoryCell.swift in Sources */ = {isa = PBXBuildFile; fileRef = F0056EB022EB9D0F00629EB5 /* CategoryCell.swift */; };
		F0056EB322EB9EF500629EB5 /* CategoryFooterCell.swift in Sources */ = {isa = PBXBuildFile; fileRef = F0056EB222EB9EF500629EB5 /* CategoryFooterCell.swift */; };
		F0056EB522EBA2D500629EB5 /* AddCategoryController.swift in Sources */ = {isa = PBXBuildFile; fileRef = F0056EB422EBA2D500629EB5 /* AddCategoryController.swift */; };
		F0056EB722EBA2F000629EB5 /* AddCategoryCell.swift in Sources */ = {isa = PBXBuildFile; fileRef = F0056EB622EBA2F000629EB5 /* AddCategoryCell.swift */; };
		F0056EB922EBA34200629EB5 /* Category.swift in Sources */ = {isa = PBXBuildFile; fileRef = F0056EB822EBA34200629EB5 /* Category.swift */; };
		F0056EBB22EBA35B00629EB5 /* ToDoItem.swift in Sources */ = {isa = PBXBuildFile; fileRef = F0056EBA22EBA35B00629EB5 /* ToDoItem.swift */; };
		F0B6F3E922F49782002FB021 /* EditToDoController.swift in Sources */ = {isa = PBXBuildFile; fileRef = F0B6F3E822F49782002FB021 /* EditToDoController.swift */; };
		F0B6F3EC22F49B3C002FB021 /* ToDoDatePickerCell.swift in Sources */ = {isa = PBXBuildFile; fileRef = F0B6F3EB22F49B3C002FB021 /* ToDoDatePickerCell.swift */; };
		F0F646B622EE24120085A8CC /* UIImage+Resize.swift in Sources */ = {isa = PBXBuildFile; fileRef = F0F646B522EE24120085A8CC /* UIImage+Resize.swift */; };
		F0F646B822EE26A80085A8CC /* ToDoCell.swift in Sources */ = {isa = PBXBuildFile; fileRef = F0F646B722EE26A80085A8CC /* ToDoCell.swift */; };
		F0F646BA22EE27000085A8CC /* ToDoHeaderCell.swift in Sources */ = {isa = PBXBuildFile; fileRef = F0F646B922EE27000085A8CC /* ToDoHeaderCell.swift */; };
		F0F646BC22EE275D0085A8CC /* ToDoController.swift in Sources */ = {isa = PBXBuildFile; fileRef = F0F646BB22EE275D0085A8CC /* ToDoController.swift */; };
/* End PBXBuildFile section */

/* Begin PBXFileReference section */
		5248C5E619FEE2FD5F7B43BD /* Pods-ToDo.debug.xcconfig */ = {isa = PBXFileReference; includeInIndex = 1; lastKnownFileType = text.xcconfig; name = "Pods-ToDo.debug.xcconfig"; path = "Target Support Files/Pods-ToDo/Pods-ToDo.debug.xcconfig"; sourceTree = "<group>"; };
		8E8F9273B1F7702AC6B9D6EE /* Pods_ToDo.framework */ = {isa = PBXFileReference; explicitFileType = wrapper.framework; includeInIndex = 0; path = Pods_ToDo.framework; sourceTree = BUILT_PRODUCTS_DIR; };
		B652E401DE74E87253D63531 /* Pods-ToDo.release.xcconfig */ = {isa = PBXFileReference; includeInIndex = 1; lastKnownFileType = text.xcconfig; name = "Pods-ToDo.release.xcconfig"; path = "Target Support Files/Pods-ToDo/Pods-ToDo.release.xcconfig"; sourceTree = "<group>"; };
		F0056E7E22EB96AE00629EB5 /* ToDo.app */ = {isa = PBXFileReference; explicitFileType = wrapper.application; includeInIndex = 0; path = ToDo.app; sourceTree = BUILT_PRODUCTS_DIR; };
		F0056E8122EB96AE00629EB5 /* AppDelegate.swift */ = {isa = PBXFileReference; lastKnownFileType = sourcecode.swift; path = AppDelegate.swift; sourceTree = "<group>"; };
		F0056E8822EB96B000629EB5 /* Assets.xcassets */ = {isa = PBXFileReference; lastKnownFileType = folder.assetcatalog; path = Assets.xcassets; sourceTree = "<group>"; };
		F0056E8B22EB96B000629EB5 /* Base */ = {isa = PBXFileReference; lastKnownFileType = file.storyboard; name = Base; path = Base.lproj/LaunchScreen.storyboard; sourceTree = "<group>"; };
		F0056E8D22EB96B000629EB5 /* Info.plist */ = {isa = PBXFileReference; lastKnownFileType = text.plist.xml; path = Info.plist; sourceTree = "<group>"; };
		F0056E9A22EB999E00629EB5 /* UIView+Layout.swift */ = {isa = PBXFileReference; lastKnownFileType = sourcecode.swift; path = "UIView+Layout.swift"; sourceTree = "<group>"; };
		F0056E9C22EB99AA00629EB5 /* UILabel+Init.swift */ = {isa = PBXFileReference; lastKnownFileType = sourcecode.swift; path = "UILabel+Init.swift"; sourceTree = "<group>"; };
		F0056E9E22EB99B500629EB5 /* UIImageView+Init.swift */ = {isa = PBXFileReference; lastKnownFileType = sourcecode.swift; path = "UIImageView+Init.swift"; sourceTree = "<group>"; };
		F0056EA022EB99E800629EB5 /* UITableView+Update.swift */ = {isa = PBXFileReference; lastKnownFileType = sourcecode.swift; path = "UITableView+Update.swift"; sourceTree = "<group>"; };
		F0056EAC22EB9CA800629EB5 /* CategoryController.swift */ = {isa = PBXFileReference; lastKnownFileType = sourcecode.swift; path = CategoryController.swift; sourceTree = "<group>"; };
		F0056EAE22EB9CD200629EB5 /* CircularButton.swift */ = {isa = PBXFileReference; lastKnownFileType = sourcecode.swift; path = CircularButton.swift; sourceTree = "<group>"; };
		F0056EB022EB9D0F00629EB5 /* CategoryCell.swift */ = {isa = PBXFileReference; lastKnownFileType = sourcecode.swift; path = CategoryCell.swift; sourceTree = "<group>"; };
		F0056EB222EB9EF500629EB5 /* CategoryFooterCell.swift */ = {isa = PBXFileReference; lastKnownFileType = sourcecode.swift; path = CategoryFooterCell.swift; sourceTree = "<group>"; };
		F0056EB422EBA2D500629EB5 /* AddCategoryController.swift */ = {isa = PBXFileReference; lastKnownFileType = sourcecode.swift; path = AddCategoryController.swift; sourceTree = "<group>"; };
		F0056EB622EBA2F000629EB5 /* AddCategoryCell.swift */ = {isa = PBXFileReference; lastKnownFileType = sourcecode.swift; path = AddCategoryCell.swift; sourceTree = "<group>"; };
		F0056EB822EBA34200629EB5 /* Category.swift */ = {isa = PBXFileReference; lastKnownFileType = sourcecode.swift; path = Category.swift; sourceTree = "<group>"; };
		F0056EBA22EBA35B00629EB5 /* ToDoItem.swift */ = {isa = PBXFileReference; lastKnownFileType = sourcecode.swift; path = ToDoItem.swift; sourceTree = "<group>"; };
		F0B6F3E822F49782002FB021 /* EditToDoController.swift */ = {isa = PBXFileReference; lastKnownFileType = sourcecode.swift; path = EditToDoController.swift; sourceTree = "<group>"; };
		F0B6F3EB22F49B3C002FB021 /* ToDoDatePickerCell.swift */ = {isa = PBXFileReference; lastKnownFileType = sourcecode.swift; path = ToDoDatePickerCell.swift; sourceTree = "<group>"; };
		F0F646B522EE24120085A8CC /* UIImage+Resize.swift */ = {isa = PBXFileReference; lastKnownFileType = sourcecode.swift; path = "UIImage+Resize.swift"; sourceTree = "<group>"; };
		F0F646B722EE26A80085A8CC /* ToDoCell.swift */ = {isa = PBXFileReference; lastKnownFileType = sourcecode.swift; path = ToDoCell.swift; sourceTree = "<group>"; };
		F0F646B922EE27000085A8CC /* ToDoHeaderCell.swift */ = {isa = PBXFileReference; lastKnownFileType = sourcecode.swift; path = ToDoHeaderCell.swift; sourceTree = "<group>"; };
		F0F646BB22EE275D0085A8CC /* ToDoController.swift */ = {isa = PBXFileReference; lastKnownFileType = sourcecode.swift; path = ToDoController.swift; sourceTree = "<group>"; };
/* End PBXFileReference section */

/* Begin PBXFrameworksBuildPhase section */
		F0056E7B22EB96AE00629EB5 /* Frameworks */ = {
			isa = PBXFrameworksBuildPhase;
			buildActionMask = 2147483647;
			files = (
				00DD283EF41C432EAFD903AC /* Pods_ToDo.framework in Frameworks */,
			);
			runOnlyForDeploymentPostprocessing = 0;
		};
/* End PBXFrameworksBuildPhase section */

/* Begin PBXGroup section */
		20A34960130C96FFA8C63576 /* Pods */ = {
			isa = PBXGroup;
			children = (
				5248C5E619FEE2FD5F7B43BD /* Pods-ToDo.debug.xcconfig */,
				B652E401DE74E87253D63531 /* Pods-ToDo.release.xcconfig */,
			);
			path = Pods;
			sourceTree = "<group>";
		};
		23C8688ECCC86ADC78ED94CC /* Frameworks */ = {
			isa = PBXGroup;
			children = (
				8E8F9273B1F7702AC6B9D6EE /* Pods_ToDo.framework */,
			);
			name = Frameworks;
			sourceTree = "<group>";
		};
		F0056E7522EB96AE00629EB5 = {
			isa = PBXGroup;
			children = (
				F0056E8022EB96AE00629EB5 /* ToDo */,
				F0056E7F22EB96AE00629EB5 /* Products */,
				20A34960130C96FFA8C63576 /* Pods */,
				23C8688ECCC86ADC78ED94CC /* Frameworks */,
			);
			sourceTree = "<group>";
		};
		F0056E7F22EB96AE00629EB5 /* Products */ = {
			isa = PBXGroup;
			children = (
				F0056E7E22EB96AE00629EB5 /* ToDo.app */,
			);
			name = Products;
			sourceTree = "<group>";
		};
		F0056E8022EB96AE00629EB5 /* ToDo */ = {
			isa = PBXGroup;
			children = (
				F0056E9322EB96B700629EB5 /* App Delegate */,
				F0056E9622EB96C800629EB5 /* Views */,
				F0056E9522EB96C400629EB5 /* Models */,
				F0056E9422EB96BE00629EB5 /* Controllers */,
				F0056E9722EB96CF00629EB5 /* Extensions */,
				F0056E9822EB96D200629EB5 /* Resources */,
				F0056E9922EB96D600629EB5 /* Support Files */,
			);
			path = ToDo;
			sourceTree = "<group>";
		};
		F0056E9322EB96B700629EB5 /* App Delegate */ = {
			isa = PBXGroup;
			children = (
				F0056E8122EB96AE00629EB5 /* AppDelegate.swift */,
			);
			path = "App Delegate";
			sourceTree = "<group>";
		};
		F0056E9422EB96BE00629EB5 /* Controllers */ = {
			isa = PBXGroup;
			children = (
				F0056EA222EB9A1800629EB5 /* Category */,
				F0056EA322EB9A2900629EB5 /* ToDo */,
			);
			path = Controllers;
			sourceTree = "<group>";
		};
		F0056E9522EB96C400629EB5 /* Models */ = {
			isa = PBXGroup;
			children = (
				F0056EB822EBA34200629EB5 /* Category.swift */,
				F0056EBA22EBA35B00629EB5 /* ToDoItem.swift */,
			);
			path = Models;
			sourceTree = "<group>";
		};
		F0056E9622EB96C800629EB5 /* Views */ = {
			isa = PBXGroup;
			children = (
				F0056EA722EB9A6600629EB5 /* Category */,
				F0056EA822EB9A6C00629EB5 /* ToDo */,
				F0056EA922EB9A7100629EB5 /* UIElements */,
			);
			path = Views;
			sourceTree = "<group>";
		};
		F0056E9722EB96CF00629EB5 /* Extensions */ = {
			isa = PBXGroup;
			children = (
				F0056E9A22EB999E00629EB5 /* UIView+Layout.swift */,
				F0056E9C22EB99AA00629EB5 /* UILabel+Init.swift */,
				F0056E9E22EB99B500629EB5 /* UIImageView+Init.swift */,
				F0056EA022EB99E800629EB5 /* UITableView+Update.swift */,
				F0F646B522EE24120085A8CC /* UIImage+Resize.swift */,
			);
			path = Extensions;
			sourceTree = "<group>";
		};
		F0056E9822EB96D200629EB5 /* Resources */ = {
			isa = PBXGroup;
			children = (
				F0056E8822EB96B000629EB5 /* Assets.xcassets */,
			);
			path = Resources;
			sourceTree = "<group>";
		};
		F0056E9922EB96D600629EB5 /* Support Files */ = {
			isa = PBXGroup;
			children = (
				F0056E8A22EB96B000629EB5 /* LaunchScreen.storyboard */,
				F0056E8D22EB96B000629EB5 /* Info.plist */,
			);
			path = "Support Files";
			sourceTree = "<group>";
		};
		F0056EA222EB9A1800629EB5 /* Category */ = {
			isa = PBXGroup;
			children = (
				F0056EAC22EB9CA800629EB5 /* CategoryController.swift */,
				F0056EB422EBA2D500629EB5 /* AddCategoryController.swift */,
			);
			path = Category;
			sourceTree = "<group>";
		};
		F0056EA322EB9A2900629EB5 /* ToDo */ = {
			isa = PBXGroup;
			children = (
				F0F646BB22EE275D0085A8CC /* ToDoController.swift */,
				F0B6F3E822F49782002FB021 /* EditToDoController.swift */,
			);
			path = ToDo;
			sourceTree = "<group>";
		};
		F0056EA722EB9A6600629EB5 /* Category */ = {
			isa = PBXGroup;
			children = (
				F0056EB022EB9D0F00629EB5 /* CategoryCell.swift */,
				F0056EB222EB9EF500629EB5 /* CategoryFooterCell.swift */,
				F0056EAB22EB9B3700629EB5 /* Add Edit Category Page */,
			);
			path = Category;
			sourceTree = "<group>";
		};
		F0056EA822EB9A6C00629EB5 /* ToDo */ = {
			isa = PBXGroup;
			children = (
				F0F646B722EE26A80085A8CC /* ToDoCell.swift */,
				F0F646B922EE27000085A8CC /* ToDoHeaderCell.swift */,
				F0B6F3EA22F49B12002FB021 /* Edit ToDo Page */,
			);
			path = ToDo;
			sourceTree = "<group>";
		};
		F0056EA922EB9A7100629EB5 /* UIElements */ = {
			isa = PBXGroup;
			children = (
				F0056EAE22EB9CD200629EB5 /* CircularButton.swift */,
			);
			path = UIElements;
			sourceTree = "<group>";
		};
		F0056EAB22EB9B3700629EB5 /* Add Edit Category Page */ = {
			isa = PBXGroup;
			children = (
				F0056EB622EBA2F000629EB5 /* AddCategoryCell.swift */,
			);
			path = "Add Edit Category Page";
			sourceTree = "<group>";
		};
		F0B6F3EA22F49B12002FB021 /* Edit ToDo Page */ = {
			isa = PBXGroup;
			children = (
				F0B6F3EB22F49B3C002FB021 /* ToDoDatePickerCell.swift */,
			);
			path = "Edit ToDo Page";
			sourceTree = "<group>";
		};
/* End PBXGroup section */

/* Begin PBXNativeTarget section */
		F0056E7D22EB96AE00629EB5 /* ToDo */ = {
			isa = PBXNativeTarget;
			buildConfigurationList = F0056E9022EB96B000629EB5 /* Build configuration list for PBXNativeTarget "ToDo" */;
			buildPhases = (
				9862B049158C48D5A82760AB /* [CP] Check Pods Manifest.lock */,
				F0056E7A22EB96AE00629EB5 /* Sources */,
				F0056E7B22EB96AE00629EB5 /* Frameworks */,
				F0056E7C22EB96AE00629EB5 /* Resources */,
				79A477F6ED9FF5CA12B0CE02 /* [CP] Embed Pods Frameworks */,
			);
			buildRules = (
			);
			dependencies = (
			);
			name = ToDo;
			productName = ToDo;
			productReference = F0056E7E22EB96AE00629EB5 /* ToDo.app */;
			productType = "com.apple.product-type.application";
		};
/* End PBXNativeTarget section */

/* Begin PBXProject section */
		F0056E7622EB96AE00629EB5 /* Project object */ = {
			isa = PBXProject;
			attributes = {
				LastSwiftUpdateCheck = 1030;
				LastUpgradeCheck = 1030;
				ORGANIZATIONNAME = "Jony Tucci";
				TargetAttributes = {
					F0056E7D22EB96AE00629EB5 = {
						CreatedOnToolsVersion = 10.3;
					};
				};
			};
			buildConfigurationList = F0056E7922EB96AE00629EB5 /* Build configuration list for PBXProject "ToDo" */;
			compatibilityVersion = "Xcode 9.3";
			developmentRegion = en;
			hasScannedForEncodings = 0;
			knownRegions = (
				en,
				Base,
			);
			mainGroup = F0056E7522EB96AE00629EB5;
			productRefGroup = F0056E7F22EB96AE00629EB5 /* Products */;
			projectDirPath = "";
			projectRoot = "";
			targets = (
				F0056E7D22EB96AE00629EB5 /* ToDo */,
			);
		};
/* End PBXProject section */

/* Begin PBXResourcesBuildPhase section */
		F0056E7C22EB96AE00629EB5 /* Resources */ = {
			isa = PBXResourcesBuildPhase;
			buildActionMask = 2147483647;
			files = (
				F0056E8C22EB96B000629EB5 /* LaunchScreen.storyboard in Resources */,
				F0056E8922EB96B000629EB5 /* Assets.xcassets in Resources */,
			);
			runOnlyForDeploymentPostprocessing = 0;
		};
/* End PBXResourcesBuildPhase section */

/* Begin PBXShellScriptBuildPhase section */
		79A477F6ED9FF5CA12B0CE02 /* [CP] Embed Pods Frameworks */ = {
			isa = PBXShellScriptBuildPhase;
			buildActionMask = 2147483647;
			files = (
			);
			inputFileListPaths = (
			);
			inputPaths = (
				"${PODS_ROOT}/Target Support Files/Pods-ToDo/Pods-ToDo-frameworks.sh",
				"${BUILT_PRODUCTS_DIR}/Realm/Realm.framework",
				"${BUILT_PRODUCTS_DIR}/RealmSwift/RealmSwift.framework",
				"${BUILT_PRODUCTS_DIR}/SwipeCellKit/SwipeCellKit.framework",
			);
			name = "[CP] Embed Pods Frameworks";
			outputFileListPaths = (
			);
			outputPaths = (
				"${TARGET_BUILD_DIR}/${FRAMEWORKS_FOLDER_PATH}/Realm.framework",
				"${TARGET_BUILD_DIR}/${FRAMEWORKS_FOLDER_PATH}/RealmSwift.framework",
				"${TARGET_BUILD_DIR}/${FRAMEWORKS_FOLDER_PATH}/SwipeCellKit.framework",
			);
			runOnlyForDeploymentPostprocessing = 0;
			shellPath = /bin/sh;
			shellScript = "\"${PODS_ROOT}/Target Support Files/Pods-ToDo/Pods-ToDo-frameworks.sh\"\n";
			showEnvVarsInLog = 0;
		};
		9862B049158C48D5A82760AB /* [CP] Check Pods Manifest.lock */ = {
			isa = PBXShellScriptBuildPhase;
			buildActionMask = 2147483647;
			files = (
			);
			inputFileListPaths = (
			);
			inputPaths = (
				"${PODS_PODFILE_DIR_PATH}/Podfile.lock",
				"${PODS_ROOT}/Manifest.lock",
			);
			name = "[CP] Check Pods Manifest.lock";
			outputFileListPaths = (
			);
			outputPaths = (
				"$(DERIVED_FILE_DIR)/Pods-ToDo-checkManifestLockResult.txt",
			);
			runOnlyForDeploymentPostprocessing = 0;
			shellPath = /bin/sh;
			shellScript = "diff \"${PODS_PODFILE_DIR_PATH}/Podfile.lock\" \"${PODS_ROOT}/Manifest.lock\" > /dev/null\nif [ $? != 0 ] ; then\n    # print error to STDERR\n    echo \"error: The sandbox is not in sync with the Podfile.lock. Run 'pod install' or update your CocoaPods installation.\" >&2\n    exit 1\nfi\n# This output is used by Xcode 'outputs' to avoid re-running this script phase.\necho \"SUCCESS\" > \"${SCRIPT_OUTPUT_FILE_0}\"\n";
			showEnvVarsInLog = 0;
		};
/* End PBXShellScriptBuildPhase section */

/* Begin PBXSourcesBuildPhase section */
		F0056E7A22EB96AE00629EB5 /* Sources */ = {
			isa = PBXSourcesBuildPhase;
			buildActionMask = 2147483647;
			files = (
				F0056EAF22EB9CD200629EB5 /* CircularButton.swift in Sources */,
				F0056E9F22EB99B500629EB5 /* UIImageView+Init.swift in Sources */,
				F0056EBB22EBA35B00629EB5 /* ToDoItem.swift in Sources */,
				F0056EB722EBA2F000629EB5 /* AddCategoryCell.swift in Sources */,
				F0F646B822EE26A80085A8CC /* ToDoCell.swift in Sources */,
				F0056EA122EB99E800629EB5 /* UITableView+Update.swift in Sources */,
				F0056EAD22EB9CA800629EB5 /* CategoryController.swift in Sources */,
				F0F646BC22EE275D0085A8CC /* ToDoController.swift in Sources */,
				F0056EB122EB9D0F00629EB5 /* CategoryCell.swift in Sources */,
				F0F646B622EE24120085A8CC /* UIImage+Resize.swift in Sources */,
				F0056EB322EB9EF500629EB5 /* CategoryFooterCell.swift in Sources */,
				F0B6F3E922F49782002FB021 /* EditToDoController.swift in Sources */,
				F0056E8222EB96AE00629EB5 /* AppDelegate.swift in Sources */,
				F0056EB922EBA34200629EB5 /* Category.swift in Sources */,
				F0056E9D22EB99AA00629EB5 /* UILabel+Init.swift in Sources */,
				F0056E9B22EB999E00629EB5 /* UIView+Layout.swift in Sources */,
				F0B6F3EC22F49B3C002FB021 /* ToDoDatePickerCell.swift in Sources */,
				F0F646BA22EE27000085A8CC /* ToDoHeaderCell.swift in Sources */,
				F0056EB522EBA2D500629EB5 /* AddCategoryController.swift in Sources */,
			);
			runOnlyForDeploymentPostprocessing = 0;
		};
/* End PBXSourcesBuildPhase section */

/* Begin PBXVariantGroup section */
		F0056E8A22EB96B000629EB5 /* LaunchScreen.storyboard */ = {
			isa = PBXVariantGroup;
			children = (
				F0056E8B22EB96B000629EB5 /* Base */,
			);
			name = LaunchScreen.storyboard;
			sourceTree = "<group>";
		};
/* End PBXVariantGroup section */

/* Begin XCBuildConfiguration section */
		F0056E8E22EB96B000629EB5 /* Debug */ = {
			isa = XCBuildConfiguration;
			buildSettings = {
				ALWAYS_SEARCH_USER_PATHS = NO;
				CLANG_ANALYZER_NONNULL = YES;
				CLANG_ANALYZER_NUMBER_OBJECT_CONVERSION = YES_AGGRESSIVE;
				CLANG_CXX_LANGUAGE_STANDARD = "gnu++14";
				CLANG_CXX_LIBRARY = "libc++";
				CLANG_ENABLE_MODULES = YES;
				CLANG_ENABLE_OBJC_ARC = YES;
				CLANG_ENABLE_OBJC_WEAK = YES;
				CLANG_WARN_BLOCK_CAPTURE_AUTORELEASING = YES;
				CLANG_WARN_BOOL_CONVERSION = YES;
				CLANG_WARN_COMMA = YES;
				CLANG_WARN_CONSTANT_CONVERSION = YES;
				CLANG_WARN_DEPRECATED_OBJC_IMPLEMENTATIONS = YES;
				CLANG_WARN_DIRECT_OBJC_ISA_USAGE = YES_ERROR;
				CLANG_WARN_DOCUMENTATION_COMMENTS = YES;
				CLANG_WARN_EMPTY_BODY = YES;
				CLANG_WARN_ENUM_CONVERSION = YES;
				CLANG_WARN_INFINITE_RECURSION = YES;
				CLANG_WARN_INT_CONVERSION = YES;
				CLANG_WARN_NON_LITERAL_NULL_CONVERSION = YES;
				CLANG_WARN_OBJC_IMPLICIT_RETAIN_SELF = YES;
				CLANG_WARN_OBJC_LITERAL_CONVERSION = YES;
				CLANG_WARN_OBJC_ROOT_CLASS = YES_ERROR;
				CLANG_WARN_RANGE_LOOP_ANALYSIS = YES;
				CLANG_WARN_STRICT_PROTOTYPES = YES;
				CLANG_WARN_SUSPICIOUS_MOVE = YES;
				CLANG_WARN_UNGUARDED_AVAILABILITY = YES_AGGRESSIVE;
				CLANG_WARN_UNREACHABLE_CODE = YES;
				CLANG_WARN__DUPLICATE_METHOD_MATCH = YES;
				CODE_SIGN_IDENTITY = "iPhone Developer";
				COPY_PHASE_STRIP = NO;
				DEBUG_INFORMATION_FORMAT = dwarf;
				ENABLE_STRICT_OBJC_MSGSEND = YES;
				ENABLE_TESTABILITY = YES;
				GCC_C_LANGUAGE_STANDARD = gnu11;
				GCC_DYNAMIC_NO_PIC = NO;
				GCC_NO_COMMON_BLOCKS = YES;
				GCC_OPTIMIZATION_LEVEL = 0;
				GCC_PREPROCESSOR_DEFINITIONS = (
					"DEBUG=1",
					"$(inherited)",
				);
				GCC_WARN_64_TO_32_BIT_CONVERSION = YES;
				GCC_WARN_ABOUT_RETURN_TYPE = YES_ERROR;
				GCC_WARN_UNDECLARED_SELECTOR = YES;
				GCC_WARN_UNINITIALIZED_AUTOS = YES_AGGRESSIVE;
				GCC_WARN_UNUSED_FUNCTION = YES;
				GCC_WARN_UNUSED_VARIABLE = YES;
				IPHONEOS_DEPLOYMENT_TARGET = 12.4;
				MTL_ENABLE_DEBUG_INFO = INCLUDE_SOURCE;
				MTL_FAST_MATH = YES;
				ONLY_ACTIVE_ARCH = YES;
				SDKROOT = iphoneos;
				SWIFT_ACTIVE_COMPILATION_CONDITIONS = DEBUG;
				SWIFT_OPTIMIZATION_LEVEL = "-Onone";
			};
			name = Debug;
		};
		F0056E8F22EB96B000629EB5 /* Release */ = {
			isa = XCBuildConfiguration;
			buildSettings = {
				ALWAYS_SEARCH_USER_PATHS = NO;
				CLANG_ANALYZER_NONNULL = YES;
				CLANG_ANALYZER_NUMBER_OBJECT_CONVERSION = YES_AGGRESSIVE;
				CLANG_CXX_LANGUAGE_STANDARD = "gnu++14";
				CLANG_CXX_LIBRARY = "libc++";
				CLANG_ENABLE_MODULES = YES;
				CLANG_ENABLE_OBJC_ARC = YES;
				CLANG_ENABLE_OBJC_WEAK = YES;
				CLANG_WARN_BLOCK_CAPTURE_AUTORELEASING = YES;
				CLANG_WARN_BOOL_CONVERSION = YES;
				CLANG_WARN_COMMA = YES;
				CLANG_WARN_CONSTANT_CONVERSION = YES;
				CLANG_WARN_DEPRECATED_OBJC_IMPLEMENTATIONS = YES;
				CLANG_WARN_DIRECT_OBJC_ISA_USAGE = YES_ERROR;
				CLANG_WARN_DOCUMENTATION_COMMENTS = YES;
				CLANG_WARN_EMPTY_BODY = YES;
				CLANG_WARN_ENUM_CONVERSION = YES;
				CLANG_WARN_INFINITE_RECURSION = YES;
				CLANG_WARN_INT_CONVERSION = YES;
				CLANG_WARN_NON_LITERAL_NULL_CONVERSION = YES;
				CLANG_WARN_OBJC_IMPLICIT_RETAIN_SELF = YES;
				CLANG_WARN_OBJC_LITERAL_CONVERSION = YES;
				CLANG_WARN_OBJC_ROOT_CLASS = YES_ERROR;
				CLANG_WARN_RANGE_LOOP_ANALYSIS = YES;
				CLANG_WARN_STRICT_PROTOTYPES = YES;
				CLANG_WARN_SUSPICIOUS_MOVE = YES;
				CLANG_WARN_UNGUARDED_AVAILABILITY = YES_AGGRESSIVE;
				CLANG_WARN_UNREACHABLE_CODE = YES;
				CLANG_WARN__DUPLICATE_METHOD_MATCH = YES;
				CODE_SIGN_IDENTITY = "iPhone Developer";
				COPY_PHASE_STRIP = NO;
				DEBUG_INFORMATION_FORMAT = "dwarf-with-dsym";
				ENABLE_NS_ASSERTIONS = NO;
				ENABLE_STRICT_OBJC_MSGSEND = YES;
				GCC_C_LANGUAGE_STANDARD = gnu11;
				GCC_NO_COMMON_BLOCKS = YES;
				GCC_WARN_64_TO_32_BIT_CONVERSION = YES;
				GCC_WARN_ABOUT_RETURN_TYPE = YES_ERROR;
				GCC_WARN_UNDECLARED_SELECTOR = YES;
				GCC_WARN_UNINITIALIZED_AUTOS = YES_AGGRESSIVE;
				GCC_WARN_UNUSED_FUNCTION = YES;
				GCC_WARN_UNUSED_VARIABLE = YES;
				IPHONEOS_DEPLOYMENT_TARGET = 12.4;
				MTL_ENABLE_DEBUG_INFO = NO;
				MTL_FAST_MATH = YES;
				SDKROOT = iphoneos;
				SWIFT_COMPILATION_MODE = wholemodule;
				SWIFT_OPTIMIZATION_LEVEL = "-O";
				VALIDATE_PRODUCT = YES;
			};
			name = Release;
		};
		F0056E9122EB96B000629EB5 /* Debug */ = {
			isa = XCBuildConfiguration;
			baseConfigurationReference = 5248C5E619FEE2FD5F7B43BD /* Pods-ToDo.debug.xcconfig */;
			buildSettings = {
				ASSETCATALOG_COMPILER_APPICON_NAME = AppIcon;
				CODE_SIGN_STYLE = Automatic;
				DEVELOPMENT_TEAM = V3KUBC4QCP;
				INFOPLIST_FILE = "$(SRCROOT)/ToDo/Support Files/Info.plist";
				LD_RUNPATH_SEARCH_PATHS = (
					"$(inherited)",
					"@executable_path/Frameworks",
				);
				PRODUCT_BUNDLE_IDENTIFIER = com.jonytucci.ToDo;
				PRODUCT_NAME = "$(TARGET_NAME)";
				SWIFT_VERSION = 5.0;
				TARGETED_DEVICE_FAMILY = "1,2";
			};
			name = Debug;
		};
		F0056E9222EB96B000629EB5 /* Release */ = {
			isa = XCBuildConfiguration;
			baseConfigurationReference = B652E401DE74E87253D63531 /* Pods-ToDo.release.xcconfig */;
			buildSettings = {
				ASSETCATALOG_COMPILER_APPICON_NAME = AppIcon;
				CODE_SIGN_STYLE = Automatic;
				DEVELOPMENT_TEAM = V3KUBC4QCP;
				INFOPLIST_FILE = "$(SRCROOT)/ToDo/Support Files/Info.plist";
				LD_RUNPATH_SEARCH_PATHS = (
					"$(inherited)",
					"@executable_path/Frameworks",
				);
				PRODUCT_BUNDLE_IDENTIFIER = com.jonytucci.ToDo;
				PRODUCT_NAME = "$(TARGET_NAME)";
				SWIFT_VERSION = 5.0;
				TARGETED_DEVICE_FAMILY = "1,2";
			};
			name = Release;
		};
/* End XCBuildConfiguration section */

/* Begin XCConfigurationList section */
		F0056E7922EB96AE00629EB5 /* Build configuration list for PBXProject "ToDo" */ = {
			isa = XCConfigurationList;
			buildConfigurations = (
				F0056E8E22EB96B000629EB5 /* Debug */,
				F0056E8F22EB96B000629EB5 /* Release */,
			);
			defaultConfigurationIsVisible = 0;
			defaultConfigurationName = Release;
		};
		F0056E9022EB96B000629EB5 /* Build configuration list for PBXNativeTarget "ToDo" */ = {
			isa = XCConfigurationList;
			buildConfigurations = (
				F0056E9122EB96B000629EB5 /* Debug */,
				F0056E9222EB96B000629EB5 /* Release */,
			);
			defaultConfigurationIsVisible = 0;
			defaultConfigurationName = Release;
		};
/* End XCConfigurationList section */
	};
	rootObject = F0056E7622EB96AE00629EB5 /* Project object */;
}
